
Microsoft Visual Studio Solution File, Format Version 12.00
# Visual Studio Version 16
VisualStudioVersion = 16.0.30503.244
MinimumVisualStudioVersion = 10.0.40219.1
Project("{2150E333-8FDC-42A3-9474-1A3956D46DE8}") = "FrontEnd", "FrontEnd", "{C6C7B5E2-553A-4AC7-90AF-727A2FE05205}"
EndProject
Project("{2150E333-8FDC-42A3-9474-1A3956D46DE8}") = "Services", "Services", "{80C50BE9-43E6-47A2-9167-1E2681E16AF3}"
EndProject
Project("{2150E333-8FDC-42A3-9474-1A3956D46DE8}") = "Product.MicroService", "Product.MicroService", "{87053836-717B-4E8C-8EEE-3DD4F997CC93}"
EndProject
Project("{9A19103F-16F7-4668-BE54-9A1E7A4F7556}") = "WebMVC", "WebMVC\WebMVC.csproj", "{49DAD34D-4676-48ED-9DEC-25430FB0CAB5}"
EndProject
Project("{9A19103F-16F7-4668-BE54-9A1E7A4F7556}") = "Product.API", "Product.API\Product.API.csproj", "{7BECAC4F-4F99-439F-89AC-3A0444758832}"
EndProject
Project("{2150E333-8FDC-42A3-9474-1A3956D46DE8}") = "Identity.MicroService", "Identity.MicroService", "{751B8DCF-02A6-4FF9-8A9E-4C558575189F}"
EndProject
Project("{9A19103F-16F7-4668-BE54-9A1E7A4F7556}") = "IdentityServer", "IdentityServer\IdentityServer.csproj", "{893DED85-A33C-44AF-9E3C-C08FC02DD678}"
EndProject
Project("{2150E333-8FDC-42A3-9474-1A3956D46DE8}") = "Cart.MicroService", "Cart.MicroService", "{65C63F22-622C-46E3-BCC5-2703D1136855}"
EndProject
Project("{9A19103F-16F7-4668-BE54-9A1E7A4F7556}") = "ShoppingCartAPI", "ShoppingCartAPI\ShoppingCartAPI.csproj", "{AAD9EDFA-E67C-41C3-BE21-A8C5A5E2014F}"
EndProject
Project("{2150E333-8FDC-42A3-9474-1A3956D46DE8}") = "Coupon.MicroService", "Coupon.MicroService", "{F89609E4-4276-4DE0-816C-2095208ECA93}"
EndProject
Project("{9A19103F-16F7-4668-BE54-9A1E7A4F7556}") = "CouponAPI", "CouponAPI\CouponAPI.csproj", "{68086B19-F8B6-4C0F-A6EE-1AEC4806C430}"
EndProject
Project("{2150E333-8FDC-42A3-9474-1A3956D46DE8}") = "AzureServiceBus", "AzureServiceBus", "{5C728737-0BD1-457D-8F15-3D6F2862A77B}"
EndProject
Project("{9A19103F-16F7-4668-BE54-9A1E7A4F7556}") = "AzureServiceBus", "AzureServiceBus\AzureServiceBus.csproj", "{01A7648B-5AF2-4EC6-A558-2081DFDB113F}"
EndProject
Project("{2150E333-8FDC-42A3-9474-1A3956D46DE8}") = "Order.MicroService", "Order.MicroService", "{384FB247-143C-460D-9F60-2881FD147C51}"
EndProject
Project("{9A19103F-16F7-4668-BE54-9A1E7A4F7556}") = "OrderAPI", "OrderAPI\OrderAPI.csproj", "{A876535F-089C-463B-A54B-5F2879622DC9}"
EndProject
Project("{2150E333-8FDC-42A3-9474-1A3956D46DE8}") = "ApiGateway", "ApiGateway", "{22327B5A-EA99-48BB-A24E-286D912FBDBC}"
EndProject
Project("{9A19103F-16F7-4668-BE54-9A1E7A4F7556}") = "Gateway.WebAPI", "Gateway.WebAPI\Gateway.WebAPI.csproj", "{A7B926ED-6422-4702-B564-A13B0030B556}"
EndProject
Project("{FAE04EC0-301F-11D3-BF4B-00C04F79EFBC}") = "Product.Infrastructure", "Product.Infrastructure\Product.Infrastructure.csproj", "{911DD759-57D6-4DD1-8CCB-B9E4D333C55D}"
EndProject
Project("{FAE04EC0-301F-11D3-BF4B-00C04F79EFBC}") = "Product.Application", "Product.Application\Product.Application.csproj", "{57333C14-291F-417E-BCB9-C1DE9A58150B}"
EndProject
Project("{FAE04EC0-301F-11D3-BF4B-00C04F79EFBC}") = "Product.Domain", "Product.Domain\Product.Domain.csproj", "{28C6D08E-654F-4FA2-85E3-9A99820B24E0}"
EndProject
Global
	GlobalSection(SolutionConfigurationPlatforms) = preSolution
		Debug|Any CPU = Debug|Any CPU
		Release|Any CPU = Release|Any CPU
	EndGlobalSection
	GlobalSection(ProjectConfigurationPlatforms) = postSolution
		{49DAD34D-4676-48ED-9DEC-25430FB0CAB5}.Debug|Any CPU.ActiveCfg = Debug|Any CPU
		{49DAD34D-4676-48ED-9DEC-25430FB0CAB5}.Debug|Any CPU.Build.0 = Debug|Any CPU
		{49DAD34D-4676-48ED-9DEC-25430FB0CAB5}.Release|Any CPU.ActiveCfg = Release|Any CPU
		{49DAD34D-4676-48ED-9DEC-25430FB0CAB5}.Release|Any CPU.Build.0 = Release|Any CPU
		{7BECAC4F-4F99-439F-89AC-3A0444758832}.Debug|Any CPU.ActiveCfg = Debug|Any CPU
		{7BECAC4F-4F99-439F-89AC-3A0444758832}.Debug|Any CPU.Build.0 = Debug|Any CPU
		{7BECAC4F-4F99-439F-89AC-3A0444758832}.Release|Any CPU.ActiveCfg = Release|Any CPU
		{7BECAC4F-4F99-439F-89AC-3A0444758832}.Release|Any CPU.Build.0 = Release|Any CPU
		{893DED85-A33C-44AF-9E3C-C08FC02DD678}.Debug|Any CPU.ActiveCfg = Debug|Any CPU
		{893DED85-A33C-44AF-9E3C-C08FC02DD678}.Debug|Any CPU.Build.0 = Debug|Any CPU
		{893DED85-A33C-44AF-9E3C-C08FC02DD678}.Release|Any CPU.ActiveCfg = Release|Any CPU
		{893DED85-A33C-44AF-9E3C-C08FC02DD678}.Release|Any CPU.Build.0 = Release|Any CPU
		{AAD9EDFA-E67C-41C3-BE21-A8C5A5E2014F}.Debug|Any CPU.ActiveCfg = Debug|Any CPU
		{AAD9EDFA-E67C-41C3-BE21-A8C5A5E2014F}.Debug|Any CPU.Build.0 = Debug|Any CPU
		{AAD9EDFA-E67C-41C3-BE21-A8C5A5E2014F}.Release|Any CPU.ActiveCfg = Release|Any CPU
		{AAD9EDFA-E67C-41C3-BE21-A8C5A5E2014F}.Release|Any CPU.Build.0 = Release|Any CPU
		{68086B19-F8B6-4C0F-A6EE-1AEC4806C430}.Debug|Any CPU.ActiveCfg = Debug|Any CPU
		{68086B19-F8B6-4C0F-A6EE-1AEC4806C430}.Debug|Any CPU.Build.0 = Debug|Any CPU
		{68086B19-F8B6-4C0F-A6EE-1AEC4806C430}.Release|Any CPU.ActiveCfg = Release|Any CPU
		{68086B19-F8B6-4C0F-A6EE-1AEC4806C430}.Release|Any CPU.Build.0 = Release|Any CPU
		{01A7648B-5AF2-4EC6-A558-2081DFDB113F}.Debug|Any CPU.ActiveCfg = Debug|Any CPU
		{01A7648B-5AF2-4EC6-A558-2081DFDB113F}.Debug|Any CPU.Build.0 = Debug|Any CPU
		{01A7648B-5AF2-4EC6-A558-2081DFDB113F}.Release|Any CPU.ActiveCfg = Release|Any CPU
		{01A7648B-5AF2-4EC6-A558-2081DFDB113F}.Release|Any CPU.Build.0 = Release|Any CPU
		{A876535F-089C-463B-A54B-5F2879622DC9}.Debug|Any CPU.ActiveCfg = Debug|Any CPU
		{A876535F-089C-463B-A54B-5F2879622DC9}.Debug|Any CPU.Build.0 = Debug|Any CPU
		{A876535F-089C-463B-A54B-5F2879622DC9}.Release|Any CPU.ActiveCfg = Release|Any CPU
		{A876535F-089C-463B-A54B-5F2879622DC9}.Release|Any CPU.Build.0 = Release|Any CPU
		{A7B926ED-6422-4702-B564-A13B0030B556}.Debug|Any CPU.ActiveCfg = Debug|Any CPU
		{A7B926ED-6422-4702-B564-A13B0030B556}.Debug|Any CPU.Build.0 = Debug|Any CPU
		{A7B926ED-6422-4702-B564-A13B0030B556}.Release|Any CPU.ActiveCfg = Release|Any CPU
		{A7B926ED-6422-4702-B564-A13B0030B556}.Release|Any CPU.Build.0 = Release|Any CPU
		{911DD759-57D6-4DD1-8CCB-B9E4D333C55D}.Debug|Any CPU.ActiveCfg = Debug|Any CPU
		{911DD759-57D6-4DD1-8CCB-B9E4D333C55D}.Debug|Any CPU.Build.0 = Debug|Any CPU
		{911DD759-57D6-4DD1-8CCB-B9E4D333C55D}.Release|Any CPU.ActiveCfg = Release|Any CPU
		{911DD759-57D6-4DD1-8CCB-B9E4D333C55D}.Release|Any CPU.Build.0 = Release|Any CPU
		{57333C14-291F-417E-BCB9-C1DE9A58150B}.Debug|Any CPU.ActiveCfg = Debug|Any CPU
		{57333C14-291F-417E-BCB9-C1DE9A58150B}.Debug|Any CPU.Build.0 = Debug|Any CPU
		{57333C14-291F-417E-BCB9-C1DE9A58150B}.Release|Any CPU.ActiveCfg = Release|Any CPU
		{57333C14-291F-417E-BCB9-C1DE9A58150B}.Release|Any CPU.Build.0 = Release|Any CPU
		{28C6D08E-654F-4FA2-85E3-9A99820B24E0}.Debug|Any CPU.ActiveCfg = Debug|Any CPU
		{28C6D08E-654F-4FA2-85E3-9A99820B24E0}.Debug|Any CPU.Build.0 = Debug|Any CPU
		{28C6D08E-654F-4FA2-85E3-9A99820B24E0}.Release|Any CPU.ActiveCfg = Release|Any CPU
		{28C6D08E-654F-4FA2-85E3-9A99820B24E0}.Release|Any CPU.Build.0 = Release|Any CPU
	EndGlobalSection
	GlobalSection(SolutionProperties) = preSolution
		HideSolutionNode = FALSE
	EndGlobalSection
	GlobalSection(NestedProjects) = preSolution
		{87053836-717B-4E8C-8EEE-3DD4F997CC93} = {80C50BE9-43E6-47A2-9167-1E2681E16AF3}
		{49DAD34D-4676-48ED-9DEC-25430FB0CAB5} = {C6C7B5E2-553A-4AC7-90AF-727A2FE05205}
		{7BECAC4F-4F99-439F-89AC-3A0444758832} = {87053836-717B-4E8C-8EEE-3DD4F997CC93}
		{751B8DCF-02A6-4FF9-8A9E-4C558575189F} = {80C50BE9-43E6-47A2-9167-1E2681E16AF3}
		{893DED85-A33C-44AF-9E3C-C08FC02DD678} = {751B8DCF-02A6-4FF9-8A9E-4C558575189F}
		{65C63F22-622C-46E3-BCC5-2703D1136855} = {80C50BE9-43E6-47A2-9167-1E2681E16AF3}
		{AAD9EDFA-E67C-41C3-BE21-A8C5A5E2014F} = {65C63F22-622C-46E3-BCC5-2703D1136855}
		{F89609E4-4276-4DE0-816C-2095208ECA93} = {80C50BE9-43E6-47A2-9167-1E2681E16AF3}
		{68086B19-F8B6-4C0F-A6EE-1AEC4806C430} = {F89609E4-4276-4DE0-816C-2095208ECA93}
		{01A7648B-5AF2-4EC6-A558-2081DFDB113F} = {5C728737-0BD1-457D-8F15-3D6F2862A77B}
		{384FB247-143C-460D-9F60-2881FD147C51} = {80C50BE9-43E6-47A2-9167-1E2681E16AF3}
		{A876535F-089C-463B-A54B-5F2879622DC9} = {384FB247-143C-460D-9F60-2881FD147C51}
		{A7B926ED-6422-4702-B564-A13B0030B556} = {22327B5A-EA99-48BB-A24E-286D912FBDBC}
		{911DD759-57D6-4DD1-8CCB-B9E4D333C55D} = {87053836-717B-4E8C-8EEE-3DD4F997CC93}
		{57333C14-291F-417E-BCB9-C1DE9A58150B} = {87053836-717B-4E8C-8EEE-3DD4F997CC93}
		{28C6D08E-654F-4FA2-85E3-9A99820B24E0} = {87053836-717B-4E8C-8EEE-3DD4F997CC93}
	EndGlobalSection
	GlobalSection(ExtensibilityGlobals) = postSolution
		SolutionGuid = {5E169F66-AFEA-45ED-8229-12B90302F28E}
	EndGlobalSection
EndGlobal
